
Microsoft Visual Studio Solution File, Format Version 12.00
# Visual Studio Version 17
VisualStudioVersion = 17.13.35931.197 d17.13
MinimumVisualStudioVersion = 10.0.40219.1
Project("{FAE04EC0-301F-11D3-BF4B-00C04F79EFBC}") = "test_b", "test_b\test_b.csproj", "{5854B7B6-214B-4CE9-88C9-A8E64A4111F5}"
EndProject
Global
	GlobalSection(SolutionConfigurationPlatforms) = preSolution
		Debug|Any CPU = Debug|Any CPU
		Release|Any CPU = Release|Any CPU
	EndGlobalSection
	GlobalSection(ProjectConfigurationPlatforms) = postSolution
		{5854B7B6-214B-4CE9-88C9-A8E64A4111F5}.Debug|Any CPU.ActiveCfg = Debug|Any CPU
		{5854B7B6-214B-4CE9-88C9-A8E64A4111F5}.Debug|Any CPU.Build.0 = Debug|Any CPU
		{5854B7B6-214B-4CE9-88C9-A8E64A4111F5}.Release|Any CPU.ActiveCfg = Release|Any CPU
		{5854B7B6-214B-4CE9-88C9-A8E64A4111F5}.Release|Any CPU.Build.0 = Release|Any CPU
	EndGlobalSection
	GlobalSection(SolutionProperties) = preSolution
		HideSolutionNode = FALSE
	EndGlobalSection
	GlobalSection(ExtensibilityGlobals) = postSolution
		SolutionGuid = {758BD17E-5621-4F9B-A38C-EBCB68BB142E}
	EndGlobalSection
EndGlobal
